PODS:
  - Alamofire (4.8.1)
  - AlamofireImage (3.5.0):
    - Alamofire (~> 4.8)
  - BoringSSL (10.0.6):
    - BoringSSL/Implementation (= 10.0.6)
    - BoringSSL/Interface (= 10.0.6)
  - BoringSSL/Implementation (10.0.6):
    - BoringSSL/Interface (= 10.0.6)
  - BoringSSL/Interface (10.0.6)
  - gRPC-Core (1.12.0):
    - gRPC-Core/Implementation (= 1.12.0)
    - gRPC-Core/Interface (= 1.12.0)
  - gRPC-Core/Implementation (1.12.0):
    - BoringSSL (~> 10.0)
    - gRPC-Core/Interface (= 1.12.0)
    - nanopb (~> 0.3)
  - gRPC-Core/Interface (1.12.0)
  - KeychainAccess (3.1.2)
  - lottie-ios (2.5.2)
  - nanopb (0.3.901):
    - nanopb/decode (= 0.3.901)
    - nanopb/encode (= 0.3.901)
  - nanopb/decode (0.3.901)
  - nanopb/encode (0.3.901)
  - PromiseKit (6.8.2):
    - PromiseKit/CorePromise (= 6.8.2)
    - PromiseKit/Foundation (= 6.8.2)
    - PromiseKit/UIKit (= 6.8.2)
  - PromiseKit/CorePromise (6.8.2)
  - PromiseKit/Foundation (6.8.2):
    - PromiseKit/CorePromise
  - PromiseKit/UIKit (6.8.2):
    - PromiseKit/CorePromise
  - Realm (3.13.1):
    - Realm/Headers (= 3.13.1)
  - Realm/Headers (3.13.1)
  - RealmSwift (3.13.1):
    - Realm (= 3.13.1)
  - RxAtomic (4.4.0)
  - RxCocoa (4.4.0):
    - RxSwift (~> 4.0)
  - RxSwift (4.4.0):
    - RxAtomic (~> 4.4)
  - SwiftGRPC (0.7.0):
    - BoringSSL (~> 10.0)
    - gRPC-Core (~> 1.12.0)
    - SwiftProtobuf (~> 1.1.1)
  - SwiftProtobuf (1.1.2)
  - VegaScrollFlowLayout (1.1)

DEPENDENCIES:
  - Alamofire (~> 4.7)
  - AlamofireImage (~> 3.4)
  - KeychainAccess
  - lottie-ios
  - PromiseKit
  - RealmSwift
  - RxCocoa (~> 4.0)
  - RxSwift (~> 4.0)
  - SwiftGRPC
  - VegaScrollFlowLayout

SPEC REPOS:
  https://github.com/cocoapods/specs.git:
    - Alamofire
    - AlamofireImage
    - BoringSSL
    - gRPC-Core
    - KeychainAccess
    - lottie-ios
    - nanopb
    - PromiseKit
    - Realm
    - RealmSwift
    - RxAtomic
    - RxCocoa
    - RxSwift
    - SwiftGRPC
    - SwiftProtobuf
    - VegaScrollFlowLayout

SPEC CHECKSUMS:
  Alamofire: 16ce2c353fb72865124ddae8a57c5942388f4f11
  AlamofireImage: 1aea346f4dda2f6c67622fa5a89fcbb80d79cc16
  BoringSSL: e10f92a27043805c01071fe815a5cd98ae8212e7
  gRPC-Core: 9696b220565b283e021cf2722d473a4a74b7622a
  KeychainAccess: b3816fddcf28aa29d94b10ec305cd52be14c472b
  lottie-ios: 3fef45d3fabe63e3c7c2eb603dd64ddfffc73062
  nanopb: 2901f78ea1b7b4015c860c2fdd1ea2fee1a18d48
  PromiseKit: 8200c4555a5b433ac26f5143093cb792ee2c3426
  Realm: 50071da38fe079e0735e47c9f2eae738c68c5996
  RealmSwift: 8a1e6a02b7a08cd17a31e3115143fb69fe5f3fb9
  RxAtomic: eacf60db868c96bfd63320e28619fe29c179656f
  RxCocoa: df63ebf7b9a70d6b4eeea407ed5dd4efc8979749
  RxSwift: 5976ecd04fc2fefd648827c23de5e11157faa973
  SwiftGRPC: f9dcbc329b17c1cf20216ab0e24208189f880412
  SwiftProtobuf: 7147b8ec19c8c0694a45155d989ea9e6dedaf51f
  VegaScrollFlowLayout: 9158061f29179147755f937c2b21693fc5dbbac3

PODFILE CHECKSUM: 22c527f957f15945e98d38d4dbb3ec4599d6e921

COCOAPODS: 1.5.3
